
Microsoft Visual Studio Solution File, Format Version 12.00
# Visual Studio Version 17
VisualStudioVersion = 17.1.32210.238
MinimumVisualStudioVersion = 10.0.40219.1
Project("{9A19103F-16F7-4668-BE54-9A1E7A4F7556}") = "BlazorApp", "BlazorApp\BlazorApp.csproj", "{87729BE1-7FE6-462D-BCAD-B5F179707721}"
EndProject
Project("{FAE04EC0-301F-11D3-BF4B-00C04F79EFBC}") = "BlazorStudy", "BlazorStudy\BlazorStudy.csproj", "{2F6C5751-93BE-4B06-BC2C-EC66248815F3}"
EndProject
Global
	GlobalSection(SolutionConfigurationPlatforms) = preSolution
		Debug|Any CPU = Debug|Any CPU
		Release|Any CPU = Release|Any CPU
	EndGlobalSection
	GlobalSection(ProjectConfigurationPlatforms) = postSolution
		{87729BE1-7FE6-462D-BCAD-B5F179707721}.Debug|Any CPU.ActiveCfg = Debug|Any CPU
		{87729BE1-7FE6-462D-BCAD-B5F179707721}.Debug|Any CPU.Build.0 = Debug|Any CPU
		{87729BE1-7FE6-462D-BCAD-B5F179707721}.Release|Any CPU.ActiveCfg = Release|Any CPU
		{87729BE1-7FE6-462D-BCAD-B5F179707721}.Release|Any CPU.Build.0 = Release|Any CPU
		{2F6C5751-93BE-4B06-BC2C-EC66248815F3}.Debug|Any CPU.ActiveCfg = Debug|Any CPU
		{2F6C5751-93BE-4B06-BC2C-EC66248815F3}.Debug|Any CPU.Build.0 = Debug|Any CPU
		{2F6C5751-93BE-4B06-BC2C-EC66248815F3}.Release|Any CPU.ActiveCfg = Release|Any CPU
		{2F6C5751-93BE-4B06-BC2C-EC66248815F3}.Release|Any CPU.Build.0 = Release|Any CPU
	EndGlobalSection
	GlobalSection(SolutionProperties) = preSolution
		HideSolutionNode = FALSE
	EndGlobalSection
	GlobalSection(ExtensibilityGlobals) = postSolution
		SolutionGuid = {92C3A125-1E8F-4934-B49F-98A341E59028}
	EndGlobalSection
EndGlobal
